Microsoft Visual Studio Solution File, Format Version 12.00
# Visual Studio 15
VisualStudioVersion = 15.0.27130.2036
MinimumVisualStudioVersion = 10.0.40219.1
Project("{9A19103F-16F7-4668-BE54-9A1E7A4F7556}") = "ArgsReading", "src\ArgsReading\ArgsReading.csproj", "{14354E19-4D78-40F7-AFF6-D1352829ED2A}"
EndProject
Project("{9A19103F-16F7-4668-BE54-9A1E7A4F7556}") = "ArgsReading.Tests", "tests\ArgsReading.Tests\ArgsReading.Tests.csproj", "{CA5DA700-5EA6-4042-8E0E-4D00DC4A50A3}"
EndProject
Project("{9A19103F-16F7-4668-BE54-9A1E7A4F7556}") = "Build", "tools\Build\Build.csproj", "{0933F25B-7BFA-4F69-AE24-7B7873E30EE5}"
EndProject
Project("{2150E333-8FDC-42A3-9474-1A3956D46DE8}") = "Solution Items", "Solution Items", "{7E924177-C146-4FAE-BE33-DC4A8B1D7592}"
	ProjectSection(SolutionItems) = preProject
		.editorconfig = .editorconfig
		.gitattributes = .gitattributes
		.gitignore = .gitignore
		appveyor.yml = appveyor.yml
		build.cmd = build.cmd
		build.sh = build.sh
		CONTRIBUTING.md = CONTRIBUTING.md
		LICENSE = LICENSE
		README.md = README.md
		VersionHistory.md = VersionHistory.md
	EndProjectSection
EndProject
Project("{2150E333-8FDC-42A3-9474-1A3956D46DE8}") = "tests", "tests", "{BD309513-6CAB-4A38-946C-1CB606DD3FD9}"
	ProjectSection(SolutionItems) = preProject
		tests\Directory.Build.props = tests\Directory.Build.props
	EndProjectSection
EndProject
Project("{2150E333-8FDC-42A3-9474-1A3956D46DE8}") = "src", "src", "{E22F058B-70C5-4B29-B2EE-C2993F651F3C}"
	ProjectSection(SolutionItems) = preProject
		src\ArgsReading.snk = src\ArgsReading.snk
		src\Directory.Build.props = src\Directory.Build.props
	EndProjectSection
EndProject
Project("{2150E333-8FDC-42A3-9474-1A3956D46DE8}") = "tools", "tools", "{8412402D-21B9-4DF8-BF74-3506AA41D5CD}"
	ProjectSection(SolutionItems) = preProject
		tools\Directory.Build.props = tools\Directory.Build.props
	EndProjectSection
EndProject
Project("{2150E333-8FDC-42A3-9474-1A3956D46DE8}") = "docs", "docs", "{478AD8C7-F5B6-45C5-B487-9E2D65BF9118}"
	ProjectSection(SolutionItems) = preProject
		docs\index.md = docs\index.md
	EndProjectSection
EndProject
Global
	GlobalSection(SolutionConfigurationPlatforms) = preSolution
		Debug|Any CPU = Debug|Any CPU
		Release|Any CPU = Release|Any CPU
	EndGlobalSection
	GlobalSection(ProjectConfigurationPlatforms) = postSolution
		{14354E19-4D78-40F7-AFF6-D1352829ED2A}.Debug|Any CPU.ActiveCfg = Debug|Any CPU
		{14354E19-4D78-40F7-AFF6-D1352829ED2A}.Debug|Any CPU.Build.0 = Debug|Any CPU
		{14354E19-4D78-40F7-AFF6-D1352829ED2A}.Release|Any CPU.ActiveCfg = Release|Any CPU
		{14354E19-4D78-40F7-AFF6-D1352829ED2A}.Release|Any CPU.Build.0 = Release|Any CPU
		{CA5DA700-5EA6-4042-8E0E-4D00DC4A50A3}.Debug|Any CPU.ActiveCfg = Debug|Any CPU
		{CA5DA700-5EA6-4042-8E0E-4D00DC4A50A3}.Debug|Any CPU.Build.0 = Debug|Any CPU
		{CA5DA700-5EA6-4042-8E0E-4D00DC4A50A3}.Release|Any CPU.ActiveCfg = Release|Any CPU
		{CA5DA700-5EA6-4042-8E0E-4D00DC4A50A3}.Release|Any CPU.Build.0 = Release|Any CPU
		{0933F25B-7BFA-4F69-AE24-7B7873E30EE5}.Debug|Any CPU.ActiveCfg = Debug|Any CPU
		{0933F25B-7BFA-4F69-AE24-7B7873E30EE5}.Debug|Any CPU.Build.0 = Debug|Any CPU
		{0933F25B-7BFA-4F69-AE24-7B7873E30EE5}.Release|Any CPU.ActiveCfg = Release|Any CPU
		{0933F25B-7BFA-4F69-AE24-7B7873E30EE5}.Release|Any CPU.Build.0 = Release|Any CPU
	EndGlobalSection
	GlobalSection(SolutionProperties) = preSolution
		HideSolutionNode = FALSE
	EndGlobalSection
	GlobalSection(NestedProjects) = preSolution
		{BD309513-6CAB-4A38-946C-1CB606DD3FD9} = {7E924177-C146-4FAE-BE33-DC4A8B1D7592}
		{E22F058B-70C5-4B29-B2EE-C2993F651F3C} = {7E924177-C146-4FAE-BE33-DC4A8B1D7592}
		{54F18B7A-A267-4D4C-928F-16F46BC2A9FA} = {028A6C6D-8F8F-4A91-A063-45FFCF892109}
		{A2FB7FB9-0779-4E9A-87A7-455C1DC2F0B8} = {028A6C6D-8F8F-4A91-A063-45FFCF892109}
		{8412402D-21B9-4DF8-BF74-3506AA41D5CD} = {028A6C6D-8F8F-4A91-A063-45FFCF892109}
		{478AD8C7-F5B6-45C5-B487-9E2D65BF9118} = {028A6C6D-8F8F-4A91-A063-45FFCF892109}
	EndGlobalSection
	GlobalSection(ExtensibilityGlobals) = postSolution
		SolutionGuid = {712FDE58-1C43-41DE-91AB-BEE02FC143A7}
	EndGlobalSection
EndGlobal
